
Microsoft Visual Studio Solution File, Format Version 12.00
# Visual Studio Version 16
VisualStudioVersion = 16.0.31410.357
MinimumVisualStudioVersion = 10.0.40219.1
Project("{FAE04EC0-301F-11D3-BF4B-00C04F79EFBC}") = "LoginSystemADMIN", "LoginSystemADMIN\LoginSystemADMIN.csproj", "{5AF02F31-0AAC-4C70-89B8-245161FF42E2}"
EndProject
Global
	GlobalSection(SolutionConfigurationPlatforms) = preSolution
		Debug|Any CPU = Debug|Any CPU
		Release|Any CPU = Release|Any CPU
	EndGlobalSection
	GlobalSection(ProjectConfigurationPlatforms) = postSolution
		{5AF02F31-0AAC-4C70-89B8-245161FF42E2}.Debug|Any CPU.ActiveCfg = Debug|Any CPU
		{5AF02F31-0AAC-4C70-89B8-245161FF42E2}.Debug|Any CPU.Build.0 = Debug|Any CPU
		{5AF02F31-0AAC-4C70-89B8-245161FF42E2}.Release|Any CPU.ActiveCfg = Release|Any CPU
		{5AF02F31-0AAC-4C70-89B8-245161FF42E2}.Release|Any CPU.Build.0 = Release|Any CPU
	EndGlobalSection
	GlobalSection(SolutionProperties) = preSolution
		HideSolutionNode = FALSE
	EndGlobalSection
	GlobalSection(ExtensibilityGlobals) = postSolution
		SolutionGuid = {D7372CBF-8C9C-426C-93C6-6982C41599F1}
	EndGlobalSection
EndGlobal
